
Microsoft Visual Studio Solution File, Format Version 12.00
# Visual Studio 14
VisualStudioVersion = 14.0.25123.0
MinimumVisualStudioVersion = 10.0.40219.1
Project("{FAE04EC0-301F-11D3-BF4B-00C04F79EFBC}") = "SearchService", "SearchService\SearchService.csproj", "{907634A3-80E4-4A73-A56F-A662EEF4D589}"
EndProject
Project("{FAE04EC0-301F-11D3-BF4B-00C04F79EFBC}") = "DropboxSearch", "DropboxSearch\DropboxSearch.csproj", "{0A437D90-D378-40D8-95FC-E3A3507311B2}"
EndProject
Global
	GlobalSection(SolutionConfigurationPlatforms) = preSolution
		Debug|Any CPU = Debug|Any CPU
		Release|Any CPU = Release|Any CPU
	EndGlobalSection
	GlobalSection(ProjectConfigurationPlatforms) = postSolution
		{907634A3-80E4-4A73-A56F-A662EEF4D589}.Debug|Any CPU.ActiveCfg = Debug|Any CPU
		{907634A3-80E4-4A73-A56F-A662EEF4D589}.Debug|Any CPU.Build.0 = Debug|Any CPU
		{907634A3-80E4-4A73-A56F-A662EEF4D589}.Release|Any CPU.ActiveCfg = Release|Any CPU
		{907634A3-80E4-4A73-A56F-A662EEF4D589}.Release|Any CPU.Build.0 = Release|Any CPU
		{0A437D90-D378-40D8-95FC-E3A3507311B2}.Debug|Any CPU.ActiveCfg = Debug|Any CPU
		{0A437D90-D378-40D8-95FC-E3A3507311B2}.Debug|Any CPU.Build.0 = Debug|Any CPU
		{0A437D90-D378-40D8-95FC-E3A3507311B2}.Release|Any CPU.ActiveCfg = Release|Any CPU
		{0A437D90-D378-40D8-95FC-E3A3507311B2}.Release|Any CPU.Build.0 = Release|Any CPU
	EndGlobalSection
	GlobalSection(SolutionProperties) = preSolution
		HideSolutionNode = FALSE
	EndGlobalSection
EndGlobal
